
Microsoft Visual Studio Solution File, Format Version 12.00
# Visual Studio Version 17
VisualStudioVersion = 17.1.32210.238
MinimumVisualStudioVersion = 10.0.40219.1
Project("{FAE04EC0-301F-11D3-BF4B-00C04F79EFBC}") = "SalesWebProject", "SalesWebProject\SalesWebProject.csproj", "{1B166C87-7851-4092-87B1-A5A31E1ECE2B}"
EndProject
Global
	GlobalSection(SolutionConfigurationPlatforms) = preSolution
		Debug|Any CPU = Debug|Any CPU
		Release|Any CPU = Release|Any CPU
	EndGlobalSection
	GlobalSection(ProjectConfigurationPlatforms) = postSolution
		{1B166C87-7851-4092-87B1-A5A31E1ECE2B}.Debug|Any CPU.ActiveCfg = Debug|Any CPU
		{1B166C87-7851-4092-87B1-A5A31E1ECE2B}.Debug|Any CPU.Build.0 = Debug|Any CPU
		{1B166C87-7851-4092-87B1-A5A31E1ECE2B}.Release|Any CPU.ActiveCfg = Release|Any CPU
		{1B166C87-7851-4092-87B1-A5A31E1ECE2B}.Release|Any CPU.Build.0 = Release|Any CPU
	EndGlobalSection
	GlobalSection(SolutionProperties) = preSolution
		HideSolutionNode = FALSE
	EndGlobalSection
	GlobalSection(ExtensibilityGlobals) = postSolution
		SolutionGuid = {9C146D3C-A1CB-422C-9BDB-F925BE84289B}
	EndGlobalSection
EndGlobal
